
Microsoft Visual Studio Solution File, Format Version 12.00
# Visual Studio Version 17
VisualStudioVersion = 17.13.35919.96 d17.13
MinimumVisualStudioVersion = 10.0.40219.1
Project("{FAE04EC0-301F-11D3-BF4B-00C04F79EFBC}") = "AlarmConsoleApp1", "AlarmConsoleApp1.csproj", "{DC102632-1EB4-4B0B-95FB-25C1FB8AD28F}"
EndProject
Global
	GlobalSection(SolutionConfigurationPlatforms) = preSolution
		Debug|Any CPU = Debug|Any CPU
		Release|Any CPU = Release|Any CPU
	EndGlobalSection
	GlobalSection(ProjectConfigurationPlatforms) = postSolution
		{DC102632-1EB4-4B0B-95FB-25C1FB8AD28F}.Debug|Any CPU.ActiveCfg = Debug|Any CPU
		{DC102632-1EB4-4B0B-95FB-25C1FB8AD28F}.Debug|Any CPU.Build.0 = Debug|Any CPU
		{DC102632-1EB4-4B0B-95FB-25C1FB8AD28F}.Release|Any CPU.ActiveCfg = Release|Any CPU
		{DC102632-1EB4-4B0B-95FB-25C1FB8AD28F}.Release|Any CPU.Build.0 = Release|Any CPU
	EndGlobalSection
	GlobalSection(SolutionProperties) = preSolution
		HideSolutionNode = FALSE
	EndGlobalSection
	GlobalSection(ExtensibilityGlobals) = postSolution
		SolutionGuid = {B5A7894A-0D15-45FF-8909-A2C5EDE65C0F}
	EndGlobalSection
EndGlobal
